// !$*UTF8*$!
{
	archiveVersion = 1;
	classes = {
	};
	objectVersion = 77;
	objects = {

/* Begin PBXBuildFile section */
		7CA88F252ED6279000E9BF74 /* nepa-key.appex in Embed Foundation Extensions */ = {isa = PBXBuildFile; fileRef = 7CA88F1E2ED6279000E9BF74 /* nepa-key.appex */; settings = {ATTRIBUTES = (RemoveHeadersOnCopy, ); }; };
/* End PBXBuildFile section */

/* Begin PBXContainerItemProxy section */
		7CA88EFD2ED6255500E9BF74 /* PBXContainerItemProxy */ = {
			isa = PBXContainerItemProxy;
			containerPortal = 7CA88EDE2ED6255400E9BF74 /* Project object */;
			proxyType = 1;
			remoteGlobalIDString = 7CA88EE52ED6255400E9BF74;
			remoteInfo = "multilingual-keyboard";
		};
		7CA88F072ED6255500E9BF74 /* PBXContainerItemProxy */ = {
			isa = PBXContainerItemProxy;
			containerPortal = 7CA88EDE2ED6255400E9BF74 /* Project object */;
			proxyType = 1;
			remoteGlobalIDString = 7CA88EE52ED6255400E9BF74;
			remoteInfo = "multilingual-keyboard";
		};
		7CA88F232ED6279000E9BF74 /* PBXContainerItemProxy */ = {
			isa = PBXContainerItemProxy;
			containerPortal = 7CA88EDE2ED6255400E9BF74 /* Project object */;
			proxyType = 1;
			remoteGlobalIDString = 7CA88F1D2ED6279000E9BF74;
			remoteInfo = "nepa-key";
		};
/* End PBXContainerItemProxy section */

/* Begin PBXCopyFilesBuildPhase section */
		7CA88F2A2ED6279000E9BF74 /* Embed Foundation Extensions */ = {
			isa = PBXCopyFilesBuildPhase;
			buildActionMask = 2147483647;
			dstPath = "";
			dstSubfolderSpec = 13;
			files = (
				7CA88F252ED6279000E9BF74 /* nepa-key.appex in Embed Foundation Extensions */,
			);
			name = "Embed Foundation Extensions";
			runOnlyForDeploymentPostprocessing = 0;
		};
/* End PBXCopyFilesBuildPhase section */

/* Begin PBXFileReference section */
		7CA88EE62ED6255400E9BF74 /* multilingual-keyboard.app */ = {isa = PBXFileReference; explicitFileType = wrapper.application; includeInIndex = 0; path = "multilingual-keyboard.app"; sourceTree = BUILT_PRODUCTS_DIR; };
		7CA88EFC2ED6255500E9BF74 /* multilingual-keyboardTests.xctest */ = {isa = PBXFileReference; explicitFileType = wrapper.cfbundle; includeInIndex = 0; path = "multilingual-keyboardTests.xctest"; sourceTree = BUILT_PRODUCTS_DIR; };
		7CA88F062ED6255500E9BF74 /* multilingual-keyboardUITests.xctest */ = {isa = PBXFileReference; explicitFileType = wrapper.cfbundle; includeInIndex = 0; path = "multilingual-keyboardUITests.xctest"; sourceTree = BUILT_PRODUCTS_DIR; };
		7CA88F1E2ED6279000E9BF74 /* nepa-key.appex */ = {isa = PBXFileReference; explicitFileType = "wrapper.app-extension"; includeInIndex = 0; path = "nepa-key.appex"; sourceTree = BUILT_PRODUCTS_DIR; };
/* End PBXFileReference section */

/* Begin PBXFileSystemSynchronizedBuildFileExceptionSet section */
		7CA88F0E2ED6255500E9BF74 /* Exceptions for "multilingual-keyboard" folder in "multilingual-keyboard" target */ = {
			isa = PBXFileSystemSynchronizedBuildFileExceptionSet;
			membershipExceptions = (
				Info.plist,
			);
			target = 7CA88EE52ED6255400E9BF74 /* multilingual-keyboard */;
		};
		7CA88F292ED6279000E9BF74 /* Exceptions for "nepa-key" folder in "nepa-key" target */ = {
			isa = PBXFileSystemSynchronizedBuildFileExceptionSet;
			membershipExceptions = (
				Info.plist,
			);
			target = 7CA88F1D2ED6279000E9BF74 /* nepa-key */;
		};
/* End PBXFileSystemSynchronizedBuildFileExceptionSet section */

/* Begin PBXFileSystemSynchronizedRootGroup section */
		7CA88EE82ED6255400E9BF74 /* multilingual-keyboard */ = {
			isa = PBXFileSystemSynchronizedRootGroup;
			exceptions = (
				7CA88F0E2ED6255500E9BF74 /* Exceptions for "multilingual-keyboard" folder in "multilingual-keyboard" target */,
			);
			path = "multilingual-keyboard";
			sourceTree = "<group>";
		};
		7CA88EFF2ED6255500E9BF74 /* multilingual-keyboardTests */ = {
			isa = PBXFileSystemSynchronizedRootGroup;
			path = "multilingual-keyboardTests";
			sourceTree = "<group>";
		};
		7CA88F092ED6255500E9BF74 /* multilingual-keyboardUITests */ = {
			isa = PBXFileSystemSynchronizedRootGroup;
			path = "multilingual-keyboardUITests";
			sourceTree = "<group>";
		};
		7CA88F1F2ED6279000E9BF74 /* nepa-key */ = {
			isa = PBXFileSystemSynchronizedRootGroup;
			exceptions = (
				7CA88F292ED6279000E9BF74 /* Exceptions for "nepa-key" folder in "nepa-key" target */,
			);
			path = "nepa-key";
			sourceTree = "<group>";
		};
/* End PBXFileSystemSynchronizedRootGroup section */

/* Begin PBXFrameworksBuildPhase section */
		7CA88EE32ED6255400E9BF74 /* Frameworks */ = {
			isa = PBXFrameworksBuildPhase;
			buildActionMask = 2147483647;
			files = (
			);
			runOnlyForDeploymentPostprocessing = 0;
		};
		7CA88EF92ED6255500E9BF74 /* Frameworks */ = {
			isa = PBXFrameworksBuildPhase;
			buildActionMask = 2147483647;
			files = (
			);
			runOnlyForDeploymentPostprocessing = 0;
		};
		7CA88F032ED6255500E9BF74 /* Frameworks */ = {
			isa = PBXFrameworksBuildPhase;
			buildActionMask = 2147483647;
			files = (
			);
			runOnlyForDeploymentPostprocessing = 0;
		};
		7CA88F1B2ED6279000E9BF74 /* Frameworks */ = {
			isa = PBXFrameworksBuildPhase;
			buildActionMask = 2147483647;
			files = (
			);
			runOnlyForDeploymentPostprocessing = 0;
		};
/* End PBXFrameworksBuildPhase section */

/* Begin PBXGroup section */
		7CA88EDD2ED6255400E9BF74 = {
			isa = PBXGroup;
			children = (
				7CA88EE82ED6255400E9BF74 /* multilingual-keyboard */,
				7CA88EFF2ED6255500E9BF74 /* multilingual-keyboardTests */,
				7CA88F092ED6255500E9BF74 /* multilingual-keyboardUITests */,
				7CA88F1F2ED6279000E9BF74 /* nepa-key */,
				7CA88EE72ED6255400E9BF74 /* Products */,
			);
			sourceTree = "<group>";
		};
		7CA88EE72ED6255400E9BF74 /* Products */ = {
			isa = PBXGroup;
			children = (
				7CA88EE62ED6255400E9BF74 /* multilingual-keyboard.app */,
				7CA88EFC2ED6255500E9BF74 /* multilingual-keyboardTests.xctest */,
				7CA88F062ED6255500E9BF74 /* multilingual-keyboardUITests.xctest */,
				7CA88F1E2ED6279000E9BF74 /* nepa-key.appex */,
			);
			name = Products;
			sourceTree = "<group>";
		};
/* End PBXGroup section */

/* Begin PBXNativeTarget section */
		7CA88EE52ED6255400E9BF74 /* multilingual-keyboard */ = {
			isa = PBXNativeTarget;
			buildConfigurationList = 7CA88F0F2ED6255500E9BF74 /* Build configuration list for PBXNativeTarget "multilingual-keyboard" */;
			buildPhases = (
				7CA88EE22ED6255400E9BF74 /* Sources */,
				7CA88EE32ED6255400E9BF74 /* Frameworks */,
				7CA88EE42ED6255400E9BF74 /* Resources */,
				7CA88F2A2ED6279000E9BF74 /* Embed Foundation Extensions */,
			);
			buildRules = (
			);
			dependencies = (
				7CA88F242ED6279000E9BF74 /* PBXTargetDependency */,
			);
			fileSystemSynchronizedGroups = (
				7CA88EE82ED6255400E9BF74 /* multilingual-keyboard */,
			);
			name = "multilingual-keyboard";
			packageProductDependencies = (
			);
			productName = "multilingual-keyboard";
			productReference = 7CA88EE62ED6255400E9BF74 /* multilingual-keyboard.app */;
			productType = "com.apple.product-type.application";
		};
		7CA88EFB2ED6255500E9BF74 /* multilingual-keyboardTests */ = {
			isa = PBXNativeTarget;
			buildConfigurationList = 7CA88F142ED6255500E9BF74 /* Build configuration list for PBXNativeTarget "multilingual-keyboardTests" */;
			buildPhases = (
				7CA88EF82ED6255500E9BF74 /* Sources */,
				7CA88EF92ED6255500E9BF74 /* Frameworks */,
				7CA88EFA2ED6255500E9BF74 /* Resources */,
			);
			buildRules = (
			);
			dependencies = (
				7CA88EFE2ED6255500E9BF74 /* PBXTargetDependency */,
			);
			fileSystemSynchronizedGroups = (
				7CA88EFF2ED6255500E9BF74 /* multilingual-keyboardTests */,
			);
			name = "multilingual-keyboardTests";
			packageProductDependencies = (
			);
			productName = "multilingual-keyboardTests";
			productReference = 7CA88EFC2ED6255500E9BF74 /* multilingual-keyboardTests.xctest */;
			productType = "com.apple.product-type.bundle.unit-test";
		};
		7CA88F052ED6255500E9BF74 /* multilingual-keyboardUITests */ = {
			isa = PBXNativeTarget;
			buildConfigurationList = 7CA88F172ED6255500E9BF74 /* Build configuration list for PBXNativeTarget "multilingual-keyboardUITests" */;
			buildPhases = (
				7CA88F022ED6255500E9BF74 /* Sources */,
				7CA88F032ED6255500E9BF74 /* Frameworks */,
				7CA88F042ED6255500E9BF74 /* Resources */,
			);
			buildRules = (
			);
			dependencies = (
				7CA88F082ED6255500E9BF74 /* PBXTargetDependency */,
			);
			fileSystemSynchronizedGroups = (
				7CA88F092ED6255500E9BF74 /* multilingual-keyboardUITests */,
			);
			name = "multilingual-keyboardUITests";
			packageProductDependencies = (
			);
			productName = "multilingual-keyboardUITests";
			productReference = 7CA88F062ED6255500E9BF74 /* multilingual-keyboardUITests.xctest */;
			productType = "com.apple.product-type.bundle.ui-testing";
		};
		7CA88F1D2ED6279000E9BF74 /* nepa-key */ = {
			isa = PBXNativeTarget;
			buildConfigurationList = 7CA88F262ED6279000E9BF74 /* Build configuration list for PBXNativeTarget "nepa-key" */;
			buildPhases = (
				7CA88F1A2ED6279000E9BF74 /* Sources */,
				7CA88F1B2ED6279000E9BF74 /* Frameworks */,
				7CA88F1C2ED6279000E9BF74 /* Resources */,
			);
			buildRules = (
			);
			dependencies = (
			);
			fileSystemSynchronizedGroups = (
				7CA88F1F2ED6279000E9BF74 /* nepa-key */,
			);
			name = "nepa-key";
			packageProductDependencies = (
			);
			productName = "nepa-key";
			productReference = 7CA88F1E2ED6279000E9BF74 /* nepa-key.appex */;
			productType = "com.apple.product-type.app-extension";
		};
/* End PBXNativeTarget section */

/* Begin PBXProject section */
		7CA88EDE2ED6255400E9BF74 /* Project object */ = {
			isa = PBXProject;
			attributes = {
				BuildIndependentTargetsInParallel = 1;
				LastSwiftUpdateCheck = 2610;
				LastUpgradeCheck = 2620;
				TargetAttributes = {
					7CA88EE52ED6255400E9BF74 = {
						CreatedOnToolsVersion = 26.1;
					};
					7CA88EFB2ED6255500E9BF74 = {
						CreatedOnToolsVersion = 26.1;
						TestTargetID = 7CA88EE52ED6255400E9BF74;
					};
					7CA88F052ED6255500E9BF74 = {
						CreatedOnToolsVersion = 26.1;
						TestTargetID = 7CA88EE52ED6255400E9BF74;
					};
					7CA88F1D2ED6279000E9BF74 = {
						CreatedOnToolsVersion = 26.1;
					};
				};
			};
			buildConfigurationList = 7CA88EE12ED6255400E9BF74 /* Build configuration list for PBXProject "multilingual-keyboard" */;
			developmentRegion = en;
			hasScannedForEncodings = 0;
			knownRegions = (
				en,
				Base,
			);
			mainGroup = 7CA88EDD2ED6255400E9BF74;
			minimizedProjectReferenceProxies = 1;
			preferredProjectObjectVersion = 77;
			productRefGroup = 7CA88EE72ED6255400E9BF74 /* Products */;
			projectDirPath = "";
			projectRoot = "";
			targets = (
				7CA88EE52ED6255400E9BF74 /* multilingual-keyboard */,
				7CA88EFB2ED6255500E9BF74 /* multilingual-keyboardTests */,
				7CA88F052ED6255500E9BF74 /* multilingual-keyboardUITests */,
				7CA88F1D2ED6279000E9BF74 /* nepa-key */,
			);
		};
/* End PBXProject section */

/* Begin PBXResourcesBuildPhase section */
		7CA88EE42ED6255400E9BF74 /* Resources */ = {
			isa = PBXResourcesBuildPhase;
			buildActionMask = 2147483647;
			files = (
			);
			runOnlyForDeploymentPostprocessing = 0;
		};
		7CA88EFA2ED6255500E9BF74 /* Resources */ = {
			isa = PBXResourcesBuildPhase;
			buildActionMask = 2147483647;
			files = (
			);
			runOnlyForDeploymentPostprocessing = 0;
		};
		7CA88F042ED6255500E9BF74 /* Resources */ = {
			isa = PBXResourcesBuildPhase;
			buildActionMask = 2147483647;
			files = (
			);
			runOnlyForDeploymentPostprocessing = 0;
		};
		7CA88F1C2ED6279000E9BF74 /* Resources */ = {
			isa = PBXResourcesBuildPhase;
			buildActionMask = 2147483647;
			files = (
			);
			runOnlyForDeploymentPostprocessing = 0;
		};
/* End PBXResourcesBuildPhase section */

/* Begin PBXSourcesBuildPhase section */
		7CA88EE22ED6255400E9BF74 /* Sources */ = {
			isa = PBXSourcesBuildPhase;
			buildActionMask = 2147483647;
			files = (
			);
			runOnlyForDeploymentPostprocessing = 0;
		};
		7CA88EF82ED6255500E9BF74 /* Sources */ = {
			isa = PBXSourcesBuildPhase;
			buildActionMask = 2147483647;
			files = (
			);
			runOnlyForDeploymentPostprocessing = 0;
		};
		7CA88F022ED6255500E9BF74 /* Sources */ = {
			isa = PBXSourcesBuildPhase;
			buildActionMask = 2147483647;
			files = (
			);
			runOnlyForDeploymentPostprocessing = 0;
		};
		7CA88F1A2ED6279000E9BF74 /* Sources */ = {
			isa = PBXSourcesBuildPhase;
			buildActionMask = 2147483647;
			files = (
			);
			runOnlyForDeploymentPostprocessing = 0;
		};
/* End PBXSourcesBuildPhase section */

/* Begin PBXTargetDependency section */
		7CA88EFE2ED6255500E9BF74 /* PBXTargetDependency */ = {
			isa = PBXTargetDependency;
			target = 7CA88EE52ED6255400E9BF74 /* multilingual-keyboard */;
			targetProxy = 7CA88EFD2ED6255500E9BF74 /* PBXContainerItemProxy */;
		};
		7CA88F082ED6255500E9BF74 /* PBXTargetDependency */ = {
			isa = PBXTargetDependency;
			target = 7CA88EE52ED6255400E9BF74 /* multilingual-keyboard */;
			targetProxy = 7CA88F072ED6255500E9BF74 /* PBXContainerItemProxy */;
		};
		7CA88F242ED6279000E9BF74 /* PBXTargetDependency */ = {
			isa = PBXTargetDependency;
			target = 7CA88F1D2ED6279000E9BF74 /* nepa-key */;
			targetProxy = 7CA88F232ED6279000E9BF74 /* PBXContainerItemProxy */;
		};
/* End PBXTargetDependency section */

/* Begin XCBuildConfiguration section */
		7CA88F102ED6255500E9BF74 /* Debug */ = {
			isa = XCBuildConfiguration;
			buildSettings = {
				ASSETCATALOG_COMPILER_APPICON_NAME = AppIcon;
				ASSETCATALOG_COMPILER_GLOBAL_ACCENT_COLOR_NAME = AccentColor;
				CODE_SIGN_STYLE = Automatic;
				CURRENT_PROJECT_VERSION = 1;
				DEVELOPMENT_TEAM = HHJVU2857R;
				GENERATE_INFOPLIST_FILE = YES;
				INFOPLIST_FILE = "multilingual-keyboard/Info.plist";
				INFOPLIST_KEY_CFBundleDisplayName = "Nep Key";
				INFOPLIST_KEY_LSApplicationCategoryType = "public.app-category.utilities";
				INFOPLIST_KEY_UIApplicationSupportsIndirectInputEvents = YES;
				INFOPLIST_KEY_UILaunchStoryboardName = LaunchScreen;
				INFOPLIST_KEY_UIMainStoryboardFile = "";
				INFOPLIST_KEY_UISupportedInterfaceOrientations_iPad = "UIInterfaceOrientationPortrait UIInterfaceOrientationPortraitUpsideDown UIInterfaceOrientationLandscapeLeft UIInterfaceOrientationLandscapeRight";
				INFOPLIST_KEY_UISupportedInterfaceOrientations_iPhone = "UIInterfaceOrientationPortrait UIInterfaceOrientationLandscapeLeft UIInterfaceOrientationLandscapeRight";
				LD_RUNPATH_SEARCH_PATHS = (
					"$(inherited)",
					"@executable_path/Frameworks",
				);
				MARKETING_VERSION = 1.0;
				PRODUCT_BUNDLE_IDENTIFIER = "com.callijatra.multilingual-keyboard";
				PRODUCT_NAME = "$(TARGET_NAME)";
				STRING_CATALOG_GENERATE_SYMBOLS = YES;
				SWIFT_APPROACHABLE_CONCURRENCY = YES;
				SWIFT_DEFAULT_ACTOR_ISOLATION = MainActor;
				SWIFT_EMIT_LOC_STRINGS = YES;
				SWIFT_UPCOMING_FEATURE_MEMBER_IMPORT_VISIBILITY = YES;
				SWIFT_VERSION = 5.0;
				TARGETED_DEVICE_FAMILY = "1,2";
			};
			name = Debug;
		};
		7CA88F112ED6255500E9BF74 /* Release */ = {
			isa = XCBuildConfiguration;
			buildSettings = {
				ASSETCATALOG_COMPILER_APPICON_NAME = AppIcon;
				ASSETCATALOG_COMPILER_GLOBAL_ACCENT_COLOR_NAME = AccentColor;
				CODE_SIGN_STYLE = Automatic;
				CURRENT_PROJECT_VERSION = 1;
				DEVELOPMENT_TEAM = HHJVU2857R;
				GENERATE_INFOPLIST_FILE = YES;
				INFOPLIST_FILE = "multilingual-keyboard/Info.plist";
				INFOPLIST_KEY_CFBundleDisplayName = "Nep Key";
				INFOPLIST_KEY_LSApplicationCategoryType = "public.app-category.utilities";
				INFOPLIST_KEY_UIApplicationSupportsIndirectInputEvents = YES;
				INFOPLIST_KEY_UILaunchStoryboardName = LaunchScreen;
				INFOPLIST_KEY_UIMainStoryboardFile = "";
				INFOPLIST_KEY_UISupportedInterfaceOrientations_iPad = "UIInterfaceOrientationPortrait UIInterfaceOrientationPortraitUpsideDown UIInterfaceOrientationLandscapeLeft UIInterfaceOrientationLandscapeRight";
				INFOPLIST_KEY_UISupportedInterfaceOrientations_iPhone = "UIInterfaceOrientationPortrait UIInterfaceOrientationLandscapeLeft UIInterfaceOrientationLandscapeRight";
				LD_RUNPATH_SEARCH_PATHS = (
					"$(inherited)",
					"@executable_path/Frameworks",
				);
				MARKETING_VERSION = 1.0;
				PRODUCT_BUNDLE_IDENTIFIER = "com.callijatra.multilingual-keyboard";
				PRODUCT_NAME = "$(TARGET_NAME)";
				STRING_CATALOG_GENERATE_SYMBOLS = YES;
				SWIFT_APPROACHABLE_CONCURRENCY = YES;
				SWIFT_DEFAULT_ACTOR_ISOLATION = MainActor;
				SWIFT_EMIT_LOC_STRINGS = YES;
				SWIFT_UPCOMING_FEATURE_MEMBER_IMPORT_VISIBILITY = YES;
				SWIFT_VERSION = 5.0;
				TARGETED_DEVICE_FAMILY = "1,2";
			};
			name = Release;
		};
		7CA88F122ED6255500E9BF74 /* Debug */ = {
			isa = XCBuildConfiguration;
			buildSettings = {
				ALWAYS_SEARCH_USER_PATHS = NO;
				ASSETCATALOG_COMPILER_GENERATE_SWIFT_ASSET_SYMBOL_EXTENSIONS = YES;
				CLANG_ANALYZER_NONNULL = YES;
				CLANG_ANALYZER_NUMBER_OBJECT_CONVERSION = YES_AGGRESSIVE;
				CLANG_CXX_LANGUAGE_STANDARD = "gnu++20";
				CLANG_ENABLE_MODULES = YES;
				CLANG_ENABLE_OBJC_ARC = YES;
				CLANG_ENABLE_OBJC_WEAK = YES;
				CLANG_WARN_BLOCK_CAPTURE_AUTORELEASING = YES;
				CLANG_WARN_BOOL_CONVERSION = YES;
				CLANG_WARN_COMMA = YES;
				CLANG_WARN_CONSTANT_CONVERSION = YES;
				CLANG_WARN_DEPRECATED_OBJC_IMPLEMENTATIONS = YES;
				CLANG_WARN_DIRECT_OBJC_ISA_USAGE = YES_ERROR;
				CLANG_WARN_DOCUMENTATION_COMMENTS = YES;
				CLANG_WARN_EMPTY_BODY = YES;
				CLANG_WARN_ENUM_CONVERSION = YES;
				CLANG_WARN_INFINITE_RECURSION = YES;
				CLANG_WARN_INT_CONVERSION = YES;
				CLANG_WARN_NON_LITERAL_NULL_CONVERSION = YES;
				CLANG_WARN_OBJC_IMPLICIT_RETAIN_SELF = YES;
				CLANG_WARN_OBJC_LITERAL_CONVERSION = YES;
				CLANG_WARN_OBJC_ROOT_CLASS = YES_ERROR;
				CLANG_WARN_QUOTED_INCLUDE_IN_FRAMEWORK_HEADER = YES;
				CLANG_WARN_RANGE_LOOP_ANALYSIS = YES;
				CLANG_WARN_STRICT_PROTOTYPES = YES;
				CLANG_WARN_SUSPICIOUS_MOVE = YES;
				CLANG_WARN_UNGUARDED_AVAILABILITY = YES_AGGRESSIVE;
				CLANG_WARN_UNREACHABLE_CODE = YES;
				CLANG_WARN__DUPLICATE_METHOD_MATCH = YES;
				COPY_PHASE_STRIP = NO;
				DEBUG_INFORMATION_FORMAT = dwarf;
				DEVELOPMENT_TEAM = HHJVU2857R;
				ENABLE_STRICT_OBJC_MSGSEND = YES;
				ENABLE_TESTABILITY = YES;
				ENABLE_USER_SCRIPT_SANDBOXING = YES;
				GCC_C_LANGUAGE_STANDARD = gnu17;
				GCC_DYNAMIC_NO_PIC = NO;
				GCC_NO_COMMON_BLOCKS = YES;
				GCC_OPTIMIZATION_LEVEL = 0;
				GCC_PREPROCESSOR_DEFINITIONS = (
					"DEBUG=1",
					"$(inherited)",
				);
				GCC_WARN_64_TO_32_BIT_CONVERSION = YES;
				GCC_WARN_ABOUT_RETURN_TYPE = YES_ERROR;
				GCC_WARN_UNDECLARED_SELECTOR = YES;
				GCC_WARN_UNINITIALIZED_AUTOS = YES_AGGRESSIVE;
				GCC_WARN_UNUSED_FUNCTION = YES;
				GCC_WARN_UNUSED_VARIABLE = YES;
				IPHONEOS_DEPLOYMENT_TARGET = 26.1;
				LOCALIZATION_PREFERS_STRING_CATALOGS = YES;
				MTL_ENABLE_DEBUG_INFO = INCLUDE_SOURCE;
				MTL_FAST_MATH = YES;
				ONLY_ACTIVE_ARCH = YES;
				SDKROOT = iphoneos;
				STRING_CATALOG_GENERATE_SYMBOLS = YES;
				SWIFT_ACTIVE_COMPILATION_CONDITIONS = "DEBUG $(inherited)";
				SWIFT_OPTIMIZATION_LEVEL = "-Onone";
			};
			name = Debug;
		};
		7CA88F132ED6255500E9BF74 /* Release */ = {
			isa = XCBuildConfiguration;
			buildSettings = {
				ALWAYS_SEARCH_USER_PATHS = NO;
				ASSETCATALOG_COMPILER_GENERATE_SWIFT_ASSET_SYMBOL_EXTENSIONS = YES;
				CLANG_ANALYZER_NONNULL = YES;
				CLANG_ANALYZER_NUMBER_OBJECT_CONVERSION = YES_AGGRESSIVE;
				CLANG_CXX_LANGUAGE_STANDARD = "gnu++20";
				CLANG_ENABLE_MODULES = YES;
				CLANG_ENABLE_OBJC_ARC = YES;
				CLANG_ENABLE_OBJC_WEAK = YES;
				CLANG_WARN_BLOCK_CAPTURE_AUTORELEASING = YES;
				CLANG_WARN_BOOL_CONVERSION = YES;
				CLANG_WARN_COMMA = YES;
				CLANG_WARN_CONSTANT_CONVERSION = YES;
				CLANG_WARN_DEPRECATED_OBJC_IMPLEMENTATIONS = YES;
				CLANG_WARN_DIRECT_OBJC_ISA_USAGE = YES_ERROR;
				CLANG_WARN_DOCUMENTATION_COMMENTS = YES;
				CLANG_WARN_EMPTY_BODY = YES;
				CLANG_WARN_ENUM_CONVERSION = YES;
				CLANG_WARN_INFINITE_RECURSION = YES;
				CLANG_WARN_INT_CONVERSION = YES;
				CLANG_WARN_NON_LITERAL_NULL_CONVERSION = YES;
				CLANG_WARN_OBJC_IMPLICIT_RETAIN_SELF = YES;
				CLANG_WARN_OBJC_LITERAL_CONVERSION = YES;
				CLANG_WARN_OBJC_ROOT_CLASS = YES_ERROR;
				CLANG_WARN_QUOTED_INCLUDE_IN_FRAMEWORK_HEADER = YES;
				CLANG_WARN_RANGE_LOOP_ANALYSIS = YES;
				CLANG_WARN_STRICT_PROTOTYPES = YES;
				CLANG_WARN_SUSPICIOUS_MOVE = YES;
				CLANG_WARN_UNGUARDED_AVAILABILITY = YES_AGGRESSIVE;
				CLANG_WARN_UNREACHABLE_CODE = YES;
				CLANG_WARN__DUPLICATE_METHOD_MATCH = YES;
				COPY_PHASE_STRIP = NO;
				DEBUG_INFORMATION_FORMAT = "dwarf-with-dsym";
				DEVELOPMENT_TEAM = HHJVU2857R;
				ENABLE_NS_ASSERTIONS = NO;
				ENABLE_STRICT_OBJC_MSGSEND = YES;
				ENABLE_USER_SCRIPT_SANDBOXING = YES;
				GCC_C_LANGUAGE_STANDARD = gnu17;
				GCC_NO_COMMON_BLOCKS = YES;
				GCC_WARN_64_TO_32_BIT_CONVERSION = YES;
				GCC_WARN_ABOUT_RETURN_TYPE = YES_ERROR;
				GCC_WARN_UNDECLARED_SELECTOR = YES;
				GCC_WARN_UNINITIALIZED_AUTOS = YES_AGGRESSIVE;
				GCC_WARN_UNUSED_FUNCTION = YES;
				GCC_WARN_UNUSED_VARIABLE = YES;
				IPHONEOS_DEPLOYMENT_TARGET = 26.1;
				LOCALIZATION_PREFERS_STRING_CATALOGS = YES;
				MTL_ENABLE_DEBUG_INFO = NO;
				MTL_FAST_MATH = YES;
				SDKROOT = iphoneos;
				STRING_CATALOG_GENERATE_SYMBOLS = YES;
				SWIFT_COMPILATION_MODE = wholemodule;
				VALIDATE_PRODUCT = YES;
			};
			name = Release;
		};
		7CA88F152ED6255500E9BF74 /* Debug */ = {
			isa = XCBuildConfiguration;
			buildSettings = {
				BUNDLE_LOADER = "$(TEST_HOST)";
				CODE_SIGN_STYLE = Automatic;
				CURRENT_PROJECT_VERSION = 1;
				DEVELOPMENT_TEAM = HHJVU2857R;
				GENERATE_INFOPLIST_FILE = YES;
				IPHONEOS_DEPLOYMENT_TARGET = 26.1;
				MARKETING_VERSION = 1.0;
				PRODUCT_BUNDLE_IDENTIFIER = "com.callijatra.multilingual-keyboardTests";
				PRODUCT_NAME = "$(TARGET_NAME)";
				STRING_CATALOG_GENERATE_SYMBOLS = NO;
				SWIFT_APPROACHABLE_CONCURRENCY = YES;
				SWIFT_EMIT_LOC_STRINGS = NO;
				SWIFT_UPCOMING_FEATURE_MEMBER_IMPORT_VISIBILITY = YES;
				SWIFT_VERSION = 5.0;
				TARGETED_DEVICE_FAMILY = "1,2";
				TEST_HOST = "$(BUILT_PRODUCTS_DIR)/multilingual-keyboard.app/$(BUNDLE_EXECUTABLE_FOLDER_PATH)/multilingual-keyboard";
			};
			name = Debug;
		};
		7CA88F162ED6255500E9BF74 /* Release */ = {
			isa = XCBuildConfiguration;
			buildSettings = {
				BUNDLE_LOADER = "$(TEST_HOST)";
				CODE_SIGN_STYLE = Automatic;
				CURRENT_PROJECT_VERSION = 1;
				DEVELOPMENT_TEAM = HHJVU2857R;
				GENERATE_INFOPLIST_FILE = YES;
				IPHONEOS_DEPLOYMENT_TARGET = 26.1;
				MARKETING_VERSION = 1.0;
				PRODUCT_BUNDLE_IDENTIFIER = "com.callijatra.multilingual-keyboardTests";
				PRODUCT_NAME = "$(TARGET_NAME)";
				STRING_CATALOG_GENERATE_SYMBOLS = NO;
				SWIFT_APPROACHABLE_CONCURRENCY = YES;
				SWIFT_EMIT_LOC_STRINGS = NO;
				SWIFT_UPCOMING_FEATURE_MEMBER_IMPORT_VISIBILITY = YES;
				SWIFT_VERSION = 5.0;
				TARGETED_DEVICE_FAMILY = "1,2";
				TEST_HOST = "$(BUILT_PRODUCTS_DIR)/multilingual-keyboard.app/$(BUNDLE_EXECUTABLE_FOLDER_PATH)/multilingual-keyboard";
			};
			name = Release;
		};
		7CA88F182ED6255500E9BF74 /* Debug */ = {
			isa = XCBuildConfiguration;
			buildSettings = {
				CODE_SIGN_STYLE = Automatic;
				CURRENT_PROJECT_VERSION = 1;
				DEVELOPMENT_TEAM = HHJVU2857R;
				GENERATE_INFOPLIST_FILE = YES;
				MARKETING_VERSION = 1.0;
				PRODUCT_BUNDLE_IDENTIFIER = "com.callijatra.multilingual-keyboardUITests";
				PRODUCT_NAME = "$(TARGET_NAME)";
				STRING_CATALOG_GENERATE_SYMBOLS = NO;
				SWIFT_APPROACHABLE_CONCURRENCY = YES;
				SWIFT_EMIT_LOC_STRINGS = NO;
				SWIFT_UPCOMING_FEATURE_MEMBER_IMPORT_VISIBILITY = YES;
				SWIFT_VERSION = 5.0;
				TARGETED_DEVICE_FAMILY = "1,2";
				TEST_TARGET_NAME = "multilingual-keyboard";
			};
			name = Debug;
		};
		7CA88F192ED6255500E9BF74 /* Release */ = {
			isa = XCBuildConfiguration;
			buildSettings = {
				CODE_SIGN_STYLE = Automatic;
				CURRENT_PROJECT_VERSION = 1;
				DEVELOPMENT_TEAM = HHJVU2857R;
				GENERATE_INFOPLIST_FILE = YES;
				MARKETING_VERSION = 1.0;
				PRODUCT_BUNDLE_IDENTIFIER = "com.callijatra.multilingual-keyboardUITests";
				PRODUCT_NAME = "$(TARGET_NAME)";
				STRING_CATALOG_GENERATE_SYMBOLS = NO;
				SWIFT_APPROACHABLE_CONCURRENCY = YES;
				SWIFT_EMIT_LOC_STRINGS = NO;
				SWIFT_UPCOMING_FEATURE_MEMBER_IMPORT_VISIBILITY = YES;
				SWIFT_VERSION = 5.0;
				TARGETED_DEVICE_FAMILY = "1,2";
				TEST_TARGET_NAME = "multilingual-keyboard";
			};
			name = Release;
		};
		7CA88F272ED6279000E9BF74 /* Debug */ = {
			isa = XCBuildConfiguration;
			buildSettings = {
				CODE_SIGN_STYLE = Automatic;
				CURRENT_PROJECT_VERSION = 1;
				DEVELOPMENT_TEAM = HHJVU2857R;
				GENERATE_INFOPLIST_FILE = YES;
				INFOPLIST_FILE = "nepa-key/Info.plist";
				INFOPLIST_KEY_CFBundleDisplayName = "nepa-key";
				INFOPLIST_KEY_NSHumanReadableCopyright = "";
				LD_RUNPATH_SEARCH_PATHS = (
					"$(inherited)",
					"@executable_path/Frameworks",
					"@executable_path/../../Frameworks",
				);
				MARKETING_VERSION = 1.0;
				PRODUCT_BUNDLE_IDENTIFIER = "com.callijatra.multilingual-keyboard.nepa-key";
				PRODUCT_NAME = "$(TARGET_NAME)";
				SKIP_INSTALL = YES;
				STRING_CATALOG_GENERATE_SYMBOLS = YES;
				SWIFT_APPROACHABLE_CONCURRENCY = YES;
				SWIFT_EMIT_LOC_STRINGS = YES;
				SWIFT_UPCOMING_FEATURE_MEMBER_IMPORT_VISIBILITY = YES;
				SWIFT_VERSION = 5.0;
				TARGETED_DEVICE_FAMILY = "1,2";
			};
			name = Debug;
		};
		7CA88F282ED6279000E9BF74 /* Release */ = {
			isa = XCBuildConfiguration;
			buildSettings = {
				CODE_SIGN_STYLE = Automatic;
				CURRENT_PROJECT_VERSION = 1;
				DEVELOPMENT_TEAM = HHJVU2857R;
				GENERATE_INFOPLIST_FILE = YES;
				INFOPLIST_FILE = "nepa-key/Info.plist";
				INFOPLIST_KEY_CFBundleDisplayName = "nepa-key";
				INFOPLIST_KEY_NSHumanReadableCopyright = "";
				LD_RUNPATH_SEARCH_PATHS = (
					"$(inherited)",
					"@executable_path/Frameworks",
					"@executable_path/../../Frameworks",
				);
				MARKETING_VERSION = 1.0;
				PRODUCT_BUNDLE_IDENTIFIER = "com.callijatra.multilingual-keyboard.nepa-key";
				PRODUCT_NAME = "$(TARGET_NAME)";
				SKIP_INSTALL = YES;
				STRING_CATALOG_GENERATE_SYMBOLS = YES;
				SWIFT_APPROACHABLE_CONCURRENCY = YES;
				SWIFT_EMIT_LOC_STRINGS = YES;
				SWIFT_UPCOMING_FEATURE_MEMBER_IMPORT_VISIBILITY = YES;
				SWIFT_VERSION = 5.0;
				TARGETED_DEVICE_FAMILY = "1,2";
			};
			name = Release;
		};
/* End XCBuildConfiguration section */

/* Begin XCConfigurationList section */
		7CA88EE12ED6255400E9BF74 /* Build configuration list for PBXProject "multilingual-keyboard" */ = {
			isa = XCConfigurationList;
			buildConfigurations = (
				7CA88F122ED6255500E9BF74 /* Debug */,
				7CA88F132ED6255500E9BF74 /* Release */,
			);
			defaultConfigurationIsVisible = 0;
			defaultConfigurationName = Release;
		};
		7CA88F0F2ED6255500E9BF74 /* Build configuration list for PBXNativeTarget "multilingual-keyboard" */ = {
			isa = XCConfigurationList;
			buildConfigurations = (
				7CA88F102ED6255500E9BF74 /* Debug */,
				7CA88F112ED6255500E9BF74 /* Release */,
			);
			defaultConfigurationIsVisible = 0;
			defaultConfigurationName = Release;
		};
		7CA88F142ED6255500E9BF74 /* Build configuration list for PBXNativeTarget "multilingual-keyboardTests" */ = {
			isa = XCConfigurationList;
			buildConfigurations = (
				7CA88F152ED6255500E9BF74 /* Debug */,
				7CA88F162ED6255500E9BF74 /* Release */,
			);
			defaultConfigurationIsVisible = 0;
			defaultConfigurationName = Release;
		};
		7CA88F172ED6255500E9BF74 /* Build configuration list for PBXNativeTarget "multilingual-keyboardUITests" */ = {
			isa = XCConfigurationList;
			buildConfigurations = (
				7CA88F182ED6255500E9BF74 /* Debug */,
				7CA88F192ED6255500E9BF74 /* Release */,
			);
			defaultConfigurationIsVisible = 0;
			defaultConfigurationName = Release;
		};
		7CA88F262ED6279000E9BF74 /* Build configuration list for PBXNativeTarget "nepa-key" */ = {
			isa = XCConfigurationList;
			buildConfigurations = (
				7CA88F272ED6279000E9BF74 /* Debug */,
				7CA88F282ED6279000E9BF74 /* Release */,
			);
			defaultConfigurationIsVisible = 0;
			defaultConfigurationName = Release;
		};
/* End XCConfigurationList section */
	};
	rootObject = 7CA88EDE2ED6255400E9BF74 /* Project object */;
}
